// !$*UTF8*$!
{
	archiveVersion = 1;
	classes = {
	};
	objectVersion = 46;
	objects = {

/* Begin PBXBuildFile section */
		FD59B6AD1C788CF4007C02CA /* main.m in Sources */ = {isa = PBXBuildFile; fileRef = FD59B6AC1C788CF4007C02CA /* main.m */; };
		FD59B6B01C788CF4007C02CA /* AppDelegate.m in Sources */ = {isa = PBXBuildFile; fileRef = FD59B6AF1C788CF4007C02CA /* AppDelegate.m */; };
		FD59B6B31C788CF4007C02CA /* ViewController.m in Sources */ = {isa = PBXBuildFile; fileRef = FD59B6B21C788CF4007C02CA /* ViewController.m */; };
		FD59B6B61C788CF4007C02CA /* Main.storyboard in Resources */ = {isa = PBXBuildFile; fileRef = FD59B6B41C788CF4007C02CA /* Main.storyboard */; };
		FD59B6B81C788CF4007C02CA /* Assets.xcassets in Resources */ = {isa = PBXBuildFile; fileRef = FD59B6B71C788CF4007C02CA /* Assets.xcassets */; };
		FD59B6BB1C788CF4007C02CA /* LaunchScreen.storyboard in Resources */ = {isa = PBXBuildFile; fileRef = FD59B6B91C788CF4007C02CA /* LaunchScreen.storyboard */; };
/* End PBXBuildFile section */

/* Begin PBXFileReference section */
		FD59B6A81C788CF4007C02CA /* pci-question-bank.app */ = {isa = PBXFileReference; explicitFileType = wrapper.application; includeInIndex = 0; path = "pci-question-bank.app"; sourceTree = BUILT_PRODUCTS_DIR; };
		FD59B6AC1C788CF4007C02CA /* main.m */ = {isa = PBXFileReference; lastKnownFileType = sourcecode.c.objc; path = main.m; sourceTree = "<group>"; };
		FD59B6AE1C788CF4007C02CA /* AppDelegate.h */ = {isa = PBXFileReference; lastKnownFileType = sourcecode.c.h; path = AppDelegate.h; sourceTree = "<group>"; };
		FD59B6AF1C788CF4007C02CA /* AppDelegate.m */ = {isa = PBXFileReference; lastKnownFileType = sourcecode.c.objc; path = AppDelegate.m; sourceTree = "<group>"; };
		FD59B6B11C788CF4007C02CA /* ViewController.h */ = {isa = PBXFileReference; lastKnownFileType = sourcecode.c.h; path = ViewController.h; sourceTree = "<group>"; };
		FD59B6B21C788CF4007C02CA /* ViewController.m */ = {isa = PBXFileReference; lastKnownFileType = sourcecode.c.objc; path = ViewController.m; sourceTree = "<group>"; };
		FD59B6B51C788CF4007C02CA /* Base */ = {isa = PBXFileReference; lastKnownFileType = file.storyboard; name = Base; path = Base.lproj/Main.storyboard; sourceTree = "<group>"; };
		FD59B6B71C788CF4007C02CA /* Assets.xcassets */ = {isa = PBXFileReference; lastKnownFileType = folder.assetcatalog; path = Assets.xcassets; sourceTree = "<group>"; };
		FD59B6BA1C788CF4007C02CA /* Base */ = {isa = PBXFileReference; lastKnownFileType = file.storyboard; name = Base; path = Base.lproj/LaunchScreen.storyboard; sourceTree = "<group>"; };
		FD59B6BC1C788CF4007C02CA /* Info.plist */ = {isa = PBXFileReference; lastKnownFileType = text.plist.xml; path = Info.plist; sourceTree = "<group>"; };
/* End PBXFileReference section */

/* Begin PBXFrameworksBuildPhase section */
		FD59B6A51C788CF4007C02CA /* Frameworks */ = {
			isa = PBXFrameworksBuildPhase;
			buildActionMask = 2147483647;
			files = (
			);
			runOnlyForDeploymentPostprocessing = 0;
		};
/* End PBXFrameworksBuildPhase section */

/* Begin PBXGroup section */
		FD59B69F1C788CF4007C02CA = {
			isa = PBXGroup;
			children = (
				FD59B6AA1C788CF4007C02CA /* pci-question-bank */,
				FD59B6A91C788CF4007C02CA /* Products */,
			);
			sourceTree = "<group>";
		};
		FD59B6A91C788CF4007C02CA /* Products */ = {
			isa = PBXGroup;
			children = (
				FD59B6A81C788CF4007C02CA /* pci-question-bank.app */,
			);
			name = Products;
			sourceTree = "<group>";
		};
		FD59B6AA1C788CF4007C02CA /* pci-question-bank */ = {
			isa = PBXGroup;
			children = (
				FD59B6AE1C788CF4007C02CA /* AppDelegate.h */,
				FD59B6AF1C788CF4007C02CA /* AppDelegate.m */,
				FD59B6B11C788CF4007C02CA /* ViewController.h */,
				FD59B6B21C788CF4007C02CA /* ViewController.m */,
				FD59B6B41C788CF4007C02CA /* Main.storyboard */,
				FD59B6B71C788CF4007C02CA /* Assets.xcassets */,
				FD59B6B91C788CF4007C02CA /* LaunchScreen.storyboard */,
				FD59B6BC1C788CF4007C02CA /* Info.plist */,
				FD59B6AB1C788CF4007C02CA /* Supporting Files */,
			);
			path = "pci-question-bank";
			sourceTree = "<group>";
		};
		FD59B6AB1C788CF4007C02CA /* Supporting Files */ = {
			isa = PBXGroup;
			children = (
				FD59B6AC1C788CF4007C02CA /* main.m */,
			);
			name = "Supporting Files";
			sourceTree = "<group>";
		};
/* End PBXGroup section */

/* Begin PBXNativeTarget section */
		FD59B6A71C788CF4007C02CA /* pci-question-bank */ = {
			isa = PBXNativeTarget;
			buildConfigurationList = FD59B6BF1C788CF4007C02CA /* Build configuration list for PBXNativeTarget "pci-question-bank" */;
			buildPhases = (
				FD59B6A41C788CF4007C02CA /* Sources */,
				FD59B6A51C788CF4007C02CA /* Frameworks */,
				FD59B6A61C788CF4007C02CA /* Resources */,
			);
			buildRules = (
			);
			dependencies = (
			);
			name = "pci-question-bank";
			productName = "pci-question-bank";
			productReference = FD59B6A81C788CF4007C02CA /* pci-question-bank.app */;
			productType = "com.apple.product-type.application";
		};
/* End PBXNativeTarget section */

/* Begin PBXProject section */
		FD59B6A01C788CF4007C02CA /* Project object */ = {
			isa = PBXProject;
			attributes = {
				LastUpgradeCheck = 0720;
				ORGANIZATIONNAME = zhb;
				TargetAttributes = {
					FD59B6A71C788CF4007C02CA = {
						CreatedOnToolsVersion = 7.2.1;
					};
				};
			};
			buildConfigurationList = FD59B6A31C788CF4007C02CA /* Build configuration list for PBXProject "pci-question-bank" */;
			compatibilityVersion = "Xcode 3.2";
			developmentRegion = English;
			hasScannedForEncodings = 0;
			knownRegions = (
				en,
				Base,
			);
			mainGroup = FD59B69F1C788CF4007C02CA;
			productRefGroup = FD59B6A91C788CF4007C02CA /* Products */;
			projectDirPath = "";
			projectRoot = "";
			targets = (
				FD59B6A71C788CF4007C02CA /* pci-question-bank */,
			);
		};
/* End PBXProject section */

/* Begin PBXResourcesBuildPhase section */
		FD59B6A61C788CF4007C02CA /* Resources */ = {
			isa = PBXResourcesBuildPhase;
			buildActionMask = 2147483647;
			files = (
				FD59B6BB1C788CF4007C02CA /* LaunchScreen.storyboard in Resources */,
				FD59B6B81C788CF4007C02CA /* Assets.xcassets in Resources */,
				FD59B6B61C788CF4007C02CA /* Main.storyboard in Resources */,
			);
			runOnlyForDeploymentPostprocessing = 0;
		};
/* End PBXResourcesBuildPhase section */

/* Begin PBXSourcesBuildPhase section */
		FD59B6A41C788CF4007C02CA /* Sources */ = {
			isa = PBXSourcesBuildPhase;
			buildActionMask = 2147483647;
			files = (
				FD59B6B31C788CF4007C02CA /* ViewController.m in Sources */,
				FD59B6B01C788CF4007C02CA /* AppDelegate.m in Sources */,
				FD59B6AD1C788CF4007C02CA /* main.m in Sources */,
			);
			runOnlyForDeploymentPostprocessing = 0;
		};
/* End PBXSourcesBuildPhase section */

/* Begin PBXVariantGroup section */
		FD59B6B41C788CF4007C02CA /* Main.storyboard */ = {
			isa = PBXVariantGroup;
			children = (
				FD59B6B51C788CF4007C02CA /* Base */,
			);
			name = Main.storyboard;
			sourceTree = "<group>";
		};
		FD59B6B91C788CF4007C02CA /* LaunchScreen.storyboard */ = {
			isa = PBXVariantGroup;
			children = (
				FD59B6BA1C788CF4007C02CA /* Base */,
			);
			name = LaunchScreen.storyboard;
			sourceTree = "<group>";
		};
/* End PBXVariantGroup section */

/* Begin XCBuildConfiguration section */
		FD59B6BD1C788CF4007C02CA /* Debug */ = {
			isa = XCBuildConfiguration;
			buildSettings = {
				ALWAYS_SEARCH_USER_PATHS = NO;
				CLANG_CXX_LANGUAGE_STANDARD = "gnu++0x";
				CLANG_CXX_LIBRARY = "libc++";
				CLANG_ENABLE_MODULES = YES;
				CLANG_ENABLE_OBJC_ARC = YES;
				CLANG_WARN_BOOL_CONVERSION = YES;
				CLANG_WARN_CONSTANT_CONVERSION = YES;
				CLANG_WARN_DIRECT_OBJC_ISA_USAGE = YES_ERROR;
				CLANG_WARN_EMPTY_BODY = YES;
				CLANG_WARN_ENUM_CONVERSION = YES;
				CLANG_WARN_INT_CONVERSION = YES;
				CLANG_WARN_OBJC_ROOT_CLASS = YES_ERROR;
				CLANG_WARN_UNREACHABLE_CODE = YES;
				CLANG_WARN__DUPLICATE_METHOD_MATCH = YES;
				"CODE_SIGN_IDENTITY[sdk=iphoneos*]" = "iPhone Developer";
				COPY_PHASE_STRIP = NO;
				DEBUG_INFORMATION_FORMAT = dwarf;
				ENABLE_STRICT_OBJC_MSGSEND = YES;
				ENABLE_TESTABILITY = YES;
				GCC_C_LANGUAGE_STANDARD = gnu99;
				GCC_DYNAMIC_NO_PIC = NO;
				GCC_NO_COMMON_BLOCKS = YES;
				GCC_OPTIMIZATION_LEVEL = 0;
				GCC_PREPROCESSOR_DEFINITIONS = (
					"DEBUG=1",
					"$(inherited)",
				);
				GCC_WARN_64_TO_32_BIT_CONVERSION = YES;
				GCC_WARN_ABOUT_RETURN_TYPE = YES_ERROR;
				GCC_WARN_UNDECLARED_SELECTOR = YES;
				GCC_WARN_UNINITIALIZED_AUTOS = YES_AGGRESSIVE;
				GCC_WARN_UNUSED_FUNCTION = YES;
				GCC_WARN_UNUSED_VARIABLE = YES;
				IPHONEOS_DEPLOYMENT_TARGET = 9.2;
				MTL_ENABLE_DEBUG_INFO = YES;
				ONLY_ACTIVE_ARCH = YES;
				SDKROOT = iphoneos;
			};
			name = Debug;
		};
		FD59B6BE1C788CF4007C02CA /* Release */ = {
			isa = XCBuildConfiguration;
			buildSettings = {
				ALWAYS_SEARCH_USER_PATHS = NO;
				CLANG_CXX_LANGUAGE_STANDARD = "gnu++0x";
				CLANG_CXX_LIBRARY = "libc++";
				CLANG_ENABLE_MODULES = YES;
				CLANG_ENABLE_OBJC_ARC = YES;
				CLANG_WARN_BOOL_CONVERSION = YES;
				CLANG_WARN_CONSTANT_CONVERSION = YES;
				CLANG_WARN_DIRECT_OBJC_ISA_USAGE = YES_ERROR;
				CLANG_WARN_EMPTY_BODY = YES;
				CLANG_WARN_ENUM_CONVERSION = YES;
				CLANG_WARN_INT_CONVERSION = YES;
				CLANG_WARN_OBJC_ROOT_CLASS = YES_ERROR;
				CLANG_WARN_UNREACHABLE_CODE = YES;
				CLANG_WARN__DUPLICATE_METHOD_MATCH = YES;
				"CODE_SIGN_IDENTITY[sdk=iphoneos*]" = "iPhone Developer";
				COPY_PHASE_STRIP = NO;
				DEBUG_INFORMATION_FORMAT = "dwarf-with-dsym";
				ENABLE_NS_ASSERTIONS = NO;
				ENABLE_STRICT_OBJC_MSGSEND = YES;
				GCC_C_LANGUAGE_STANDARD = gnu99;
				GCC_NO_COMMON_BLOCKS = YES;
				GCC_WARN_64_TO_32_BIT_CONVERSION = YES;
				GCC_WARN_ABOUT_RETURN_TYPE = YES_ERROR;
				GCC_WARN_UNDECLARED_SELECTOR = YES;
				GCC_WARN_UNINITIALIZED_AUTOS = YES_AGGRESSIVE;
				GCC_WARN_UNUSED_FUNCTION = YES;
				GCC_WARN_UNUSED_VARIABLE = YES;
				IPHONEOS_DEPLOYMENT_TARGET = 9.2;
				MTL_ENABLE_DEBUG_INFO = NO;
				SDKROOT = iphoneos;
				VALIDATE_PRODUCT = YES;
			};
			name = Release;
		};
		FD59B6C01C788CF4007C02CA /* Debug */ = {
			isa = XCBuildConfiguration;
			buildSettings = {
				ASSETCATALOG_COMPILER_APPICON_NAME = AppIcon;
				INFOPLIST_FILE = "pci-question-bank/Info.plist";
				LD_RUNPATH_SEARCH_PATHS = "$(inherited) @executable_path/Frameworks";
				PRODUCT_BUNDLE_IDENTIFIER = "com.zhb.pci-question-bank";
				PRODUCT_NAME = "$(TARGET_NAME)";
			};
			name = Debug;
		};
		FD59B6C11C788CF4007C02CA /* Release */ = {
			isa = XCBuildConfiguration;
			buildSettings = {
				ASSETCATALOG_COMPILER_APPICON_NAME = AppIcon;
				INFOPLIST_FILE = "pci-question-bank/Info.plist";
				LD_RUNPATH_SEARCH_PATHS = "$(inherited) @executable_path/Frameworks";
				PRODUCT_BUNDLE_IDENTIFIER = "com.zhb.pci-question-bank";
				PRODUCT_NAME = "$(TARGET_NAME)";
			};
			name = Release;
		};
/* End XCBuildConfiguration section */

/* Begin XCConfigurationList section */
		FD59B6A31C788CF4007C02CA /* Build configuration list for PBXProject "pci-question-bank" */ = {
			isa = XCConfigurationList;
			buildConfigurations = (
				FD59B6BD1C788CF4007C02CA /* Debug */,
				FD59B6BE1C788CF4007C02CA /* Release */,
			);
			defaultConfigurationIsVisible = 0;
			defaultConfigurationName = Release;
		};
		FD59B6BF1C788CF4007C02CA /* Build configuration list for PBXNativeTarget "pci-question-bank" */ = {
			isa = XCConfigurationList;
			buildConfigurations = (
				FD59B6C01C788CF4007C02CA /* Debug */,
				FD59B6C11C788CF4007C02CA /* Release */,
			);
			defaultConfigurationIsVisible = 0;
		};
/* End XCConfigurationList section */
	};
	rootObject = FD59B6A01C788CF4007C02CA /* Project object */;
}
